PODS:
  - AFNetworking (3.1.0):
    - AFNetworking/NSURLSession (= 3.1.0)
    - AFNetworking/Reachability (= 3.1.0)
    - AFNetworking/Security (= 3.1.0)
    - AFNetworking/Serialization (= 3.1.0)
    - AFNetworking/UIKit (= 3.1.0)
  - AFNetworking/NSURLSession (3.1.0):
    - AFNetworking/Reachability
    - AFNetworking/Security
    - AFNetworking/Serialization
  - AFNetworking/Reachability (3.1.0)
  - AFNetworking/Security (3.1.0)
  - AFNetworking/Serialization (3.1.0)
  - AFNetworking/UIKit (3.1.0):
    - AFNetworking/NSURLSession
  - AppsFlyerFramework (4.7.3)
  - Crashlytics (3.8.4):
    - Fabric (~> 1.6.3)
  - Fabric (1.6.11)
  - ImagePicker (2.1.1)
  - leveldb-library (1.18.2)
  - OCMock (3.4)

DEPENDENCIES:
  - AFNetworking (~> 3.1)
  - AppsFlyerFramework
  - Crashlytics
  - Fabric
  - ImagePicker (~> 2.1)
  - leveldb-library
  - OCMock

SPEC CHECKSUMS:
  AFNetworking: 5e0e199f73d8626b11e79750991f5d173d1f8b67
  AppsFlyerFramework: 9fa9573694442efe4f69a0d2ecbddd1b337904a1
  Crashlytics: 79e236942ca1e7fc641df1feb9a275360a78ab6a
  Fabric: 5911403591946b8228ab1c51d98f1d7137e863c6
  ImagePicker: fe4c699abb56ff03994fa98d8b02e3883ee118be
  leveldb-library: ef0453697c0fda3a9e550e5650e52976e6724548
  OCMock: 35ae71d6a8fcc1b59434d561d1520b9dd4f15765

PODFILE CHECKSUM: 940fc83503bd842aa2fb40d904cdddfcdf4455be

COCOAPODS: 1.2.0
